
Microsoft Visual Studio Solution File, Format Version 10.00
# Visual C# Express 2008
Project("{FAE04EC0-301F-11D3-BF4B-00C04F79EFBC}") = "TestHookCB", "TestHookCB\TestHookCB.csproj", "{FCDC11C3-7BD0-43F6-957E-9E8C08F2A3B4}"
EndProject
Global
	GlobalSection(SolutionConfigurationPlatforms) = preSolution
		Debug|Any CPU = Debug|Any CPU
		Release|Any CPU = Release|Any CPU
	EndGlobalSection
	GlobalSection(ProjectConfigurationPlatforms) = postSolution
		{FCDC11C3-7BD0-43F6-957E-9E8C08F2A3B4}.Debug|Any CPU.ActiveCfg = Debug|Any CPU
		{FCDC11C3-7BD0-43F6-957E-9E8C08F2A3B4}.Debug|Any CPU.Build.0 = Debug|Any CPU
		{FCDC11C3-7BD0-43F6-957E-9E8C08F2A3B4}.Release|Any CPU.ActiveCfg = Release|Any CPU
		{FCDC11C3-7BD0-43F6-957E-9E8C08F2A3B4}.Release|Any CPU.Build.0 = Release|Any CPU
	EndGlobalSection
	GlobalSection(SolutionProperties) = preSolution
		HideSolutionNode = FALSE
	EndGlobalSection
EndGlobal
