
Microsoft Visual Studio Solution File, Format Version 10.00
# Visual C# Express 2008
Project("{FAE04EC0-301F-11D3-BF4B-00C04F79EFBC}") = "FTPTest", "FTPTest\FTPTest.csproj", "{CFD22401-BA69-4530-9914-CCDAD48C28F0}"
EndProject
Global
	GlobalSection(SolutionConfigurationPlatforms) = preSolution
		Debug|Any CPU = Debug|Any CPU
		Release|Any CPU = Release|Any CPU
	EndGlobalSection
	GlobalSection(ProjectConfigurationPlatforms) = postSolution
		{CFD22401-BA69-4530-9914-CCDAD48C28F0}.Debug|Any CPU.ActiveCfg = Debug|Any CPU
		{CFD22401-BA69-4530-9914-CCDAD48C28F0}.Debug|Any CPU.Build.0 = Debug|Any CPU
		{CFD22401-BA69-4530-9914-CCDAD48C28F0}.Release|Any CPU.ActiveCfg = Release|Any CPU
		{CFD22401-BA69-4530-9914-CCDAD48C28F0}.Release|Any CPU.Build.0 = Release|Any CPU
	EndGlobalSection
	GlobalSection(SolutionProperties) = preSolution
		HideSolutionNode = FALSE
	EndGlobalSection
EndGlobal
