
Microsoft Visual Studio Solution File, Format Version 12.00
# Visual Studio Version 17
VisualStudioVersion = 17.7.34031.279
MinimumVisualStudioVersion = 10.0.40219.1
Project("{54A90642-561A-4BB1-A94E-469ADEE60C69}") = "dynamicpagedisplays", "DynamicPageDisplays\dynamicpagedisplays.esproj", "{E4E5B354-AE0D-4EB8-8B61-B2E800044DD1}"
EndProject
Global
	GlobalSection(SolutionConfigurationPlatforms) = preSolution
		Debug|Any CPU = Debug|Any CPU
		Release|Any CPU = Release|Any CPU
	EndGlobalSection
	GlobalSection(ProjectConfigurationPlatforms) = postSolution
		{E4E5B354-AE0D-4EB8-8B61-B2E800044DD1}.Debug|Any CPU.ActiveCfg = Debug|Any CPU
		{E4E5B354-AE0D-4EB8-8B61-B2E800044DD1}.Debug|Any CPU.Build.0 = Debug|Any CPU
		{E4E5B354-AE0D-4EB8-8B61-B2E800044DD1}.Debug|Any CPU.Deploy.0 = Debug|Any CPU
		{E4E5B354-AE0D-4EB8-8B61-B2E800044DD1}.Release|Any CPU.ActiveCfg = Release|Any CPU
		{E4E5B354-AE0D-4EB8-8B61-B2E800044DD1}.Release|Any CPU.Build.0 = Release|Any CPU
		{E4E5B354-AE0D-4EB8-8B61-B2E800044DD1}.Release|Any CPU.Deploy.0 = Release|Any CPU
	EndGlobalSection
	GlobalSection(SolutionProperties) = preSolution
		HideSolutionNode = FALSE
	EndGlobalSection
	GlobalSection(ExtensibilityGlobals) = postSolution
		SolutionGuid = {614A03F9-A625-4AD7-9CEC-0D87A8909920}
	EndGlobalSection
EndGlobal
