
Microsoft Visual Studio Solution File, Format Version 12.00
# Visual Studio Version 17
VisualStudioVersion = 17.14.36511.14 d17.14
MinimumVisualStudioVersion = 10.0.40219.1
Project("{FAE04EC0-301F-11D3-BF4B-00C04F79EFBC}") = "JangoPlayer2", "JangoPlayer2\JangoPlayer2.csproj", "{72AB0204-ED48-48F1-A27A-0D86F252A96D}"
EndProject
Global
	GlobalSection(SolutionConfigurationPlatforms) = preSolution
		Debug|Any CPU = Debug|Any CPU
		Release|Any CPU = Release|Any CPU
	EndGlobalSection
	GlobalSection(ProjectConfigurationPlatforms) = postSolution
		{72AB0204-ED48-48F1-A27A-0D86F252A96D}.Debug|Any CPU.ActiveCfg = Debug|Any CPU
		{72AB0204-ED48-48F1-A27A-0D86F252A96D}.Debug|Any CPU.Build.0 = Debug|Any CPU
		{72AB0204-ED48-48F1-A27A-0D86F252A96D}.Release|Any CPU.ActiveCfg = Release|Any CPU
		{72AB0204-ED48-48F1-A27A-0D86F252A96D}.Release|Any CPU.Build.0 = Release|Any CPU
	EndGlobalSection
	GlobalSection(SolutionProperties) = preSolution
		HideSolutionNode = FALSE
	EndGlobalSection
	GlobalSection(ExtensibilityGlobals) = postSolution
		SolutionGuid = {3DB85E88-CDA0-4ED0-A3ED-D512C09B8FCF}
	EndGlobalSection
EndGlobal
