
Microsoft Visual Studio Solution File, Format Version 11.00
# Visual C# Express 2010
Project("{FAE04EC0-301F-11D3-BF4B-00C04F79EFBC}") = "removeNonAlpha", "removeNonAlpha\removeNonAlpha.csproj", "{BB1D539C-6CC5-4D05-BFEA-24E78C80844F}"
EndProject
Global
	GlobalSection(SolutionConfigurationPlatforms) = preSolution
		Debug|x86 = Debug|x86
		Release|x86 = Release|x86
	EndGlobalSection
	GlobalSection(ProjectConfigurationPlatforms) = postSolution
		{BB1D539C-6CC5-4D05-BFEA-24E78C80844F}.Debug|x86.ActiveCfg = Debug|x86
		{BB1D539C-6CC5-4D05-BFEA-24E78C80844F}.Debug|x86.Build.0 = Debug|x86
		{BB1D539C-6CC5-4D05-BFEA-24E78C80844F}.Release|x86.ActiveCfg = Release|x86
		{BB1D539C-6CC5-4D05-BFEA-24E78C80844F}.Release|x86.Build.0 = Release|x86
	EndGlobalSection
	GlobalSection(SolutionProperties) = preSolution
		HideSolutionNode = FALSE
	EndGlobalSection
EndGlobal
