
Microsoft Visual Studio Solution File, Format Version 10.00
# Visual C# Express 2008
Project("{FAE04EC0-301F-11D3-BF4B-00C04F79EFBC}") = "JangoPlayer", "JangoPlayer.csproj", "{BB0A6E86-94AD-4AA7-9FCD-9E45BA644423}"
EndProject
Global
	GlobalSection(SolutionConfigurationPlatforms) = preSolution
		Debug|Any CPU = Debug|Any CPU
		Release|Any CPU = Release|Any CPU
	EndGlobalSection
	GlobalSection(ProjectConfigurationPlatforms) = postSolution
		{BB0A6E86-94AD-4AA7-9FCD-9E45BA644423}.Debug|Any CPU.ActiveCfg = Debug|Any CPU
		{BB0A6E86-94AD-4AA7-9FCD-9E45BA644423}.Debug|Any CPU.Build.0 = Debug|Any CPU
		{BB0A6E86-94AD-4AA7-9FCD-9E45BA644423}.Release|Any CPU.ActiveCfg = Release|Any CPU
		{BB0A6E86-94AD-4AA7-9FCD-9E45BA644423}.Release|Any CPU.Build.0 = Release|Any CPU
	EndGlobalSection
	GlobalSection(SolutionProperties) = preSolution
		HideSolutionNode = FALSE
	EndGlobalSection
EndGlobal
