
Microsoft Visual Studio Solution File, Format Version 12.00
# Visual Studio Version 17
VisualStudioVersion = 17.14.36811.4 d17.14
MinimumVisualStudioVersion = 10.0.40219.1
Project("{FAE04EC0-301F-11D3-BF4B-00C04F79EFBC}") = "WinFormsTimers", "WinFormsTimers\WinFormsTimers.csproj", "{BF086937-5869-16C2-C1D4-4A99DB387CEC}"
EndProject
Global
	GlobalSection(SolutionConfigurationPlatforms) = preSolution
		Debug|Any CPU = Debug|Any CPU
		Release|Any CPU = Release|Any CPU
	EndGlobalSection
	GlobalSection(ProjectConfigurationPlatforms) = postSolution
		{BF086937-5869-16C2-C1D4-4A99DB387CEC}.Debug|Any CPU.ActiveCfg = Debug|Any CPU
		{BF086937-5869-16C2-C1D4-4A99DB387CEC}.Debug|Any CPU.Build.0 = Debug|Any CPU
		{BF086937-5869-16C2-C1D4-4A99DB387CEC}.Release|Any CPU.ActiveCfg = Release|Any CPU
		{BF086937-5869-16C2-C1D4-4A99DB387CEC}.Release|Any CPU.Build.0 = Release|Any CPU
	EndGlobalSection
	GlobalSection(SolutionProperties) = preSolution
		HideSolutionNode = FALSE
	EndGlobalSection
	GlobalSection(ExtensibilityGlobals) = postSolution
		SolutionGuid = {0D0F2B59-4799-48A3-8EE5-B0020DD7C9B3}
	EndGlobalSection
EndGlobal
