
Microsoft Visual Studio Solution File, Format Version 10.00
# Visual C# Express 2008
Project("{FAE04EC0-301F-11D3-BF4B-00C04F79EFBC}") = "StuffCounter", "StuffCounter\StuffCounter.csproj", "{250800AD-D746-431B-B8CC-1C561FCA9BBF}"
EndProject
Global
	GlobalSection(SolutionConfigurationPlatforms) = preSolution
		Debug|Any CPU = Debug|Any CPU
		Release|Any CPU = Release|Any CPU
	EndGlobalSection
	GlobalSection(ProjectConfigurationPlatforms) = postSolution
		{250800AD-D746-431B-B8CC-1C561FCA9BBF}.Debug|Any CPU.ActiveCfg = Debug|Any CPU
		{250800AD-D746-431B-B8CC-1C561FCA9BBF}.Debug|Any CPU.Build.0 = Debug|Any CPU
		{250800AD-D746-431B-B8CC-1C561FCA9BBF}.Release|Any CPU.ActiveCfg = Release|Any CPU
		{250800AD-D746-431B-B8CC-1C561FCA9BBF}.Release|Any CPU.Build.0 = Release|Any CPU
	EndGlobalSection
	GlobalSection(SolutionProperties) = preSolution
		HideSolutionNode = FALSE
	EndGlobalSection
EndGlobal
