
Microsoft Visual Studio Solution File, Format Version 12.00
# Visual Studio Version 16
VisualStudioVersion = 16.0.30204.135
MinimumVisualStudioVersion = 10.0.40219.1
Project("{FAE04EC0-301F-11D3-BF4B-00C04F79EFBC}") = "OnlyAscii", "OnlyAscii\OnlyAscii.csproj", "{79879700-BC8C-4423-B57D-729EDF5118BC}"
EndProject
Global
	GlobalSection(SolutionConfigurationPlatforms) = preSolution
		Debug|Any CPU = Debug|Any CPU
		Release|Any CPU = Release|Any CPU
	EndGlobalSection
	GlobalSection(ProjectConfigurationPlatforms) = postSolution
		{79879700-BC8C-4423-B57D-729EDF5118BC}.Debug|Any CPU.ActiveCfg = Debug|Any CPU
		{79879700-BC8C-4423-B57D-729EDF5118BC}.Debug|Any CPU.Build.0 = Debug|Any CPU
		{79879700-BC8C-4423-B57D-729EDF5118BC}.Release|Any CPU.ActiveCfg = Release|Any CPU
		{79879700-BC8C-4423-B57D-729EDF5118BC}.Release|Any CPU.Build.0 = Release|Any CPU
	EndGlobalSection
	GlobalSection(SolutionProperties) = preSolution
		HideSolutionNode = FALSE
	EndGlobalSection
	GlobalSection(ExtensibilityGlobals) = postSolution
		SolutionGuid = {A468C3DD-A475-4295-8F6A-54C18DD5B3A9}
	EndGlobalSection
EndGlobal
