
Microsoft Visual Studio Solution File, Format Version 12.00
# Visual Studio Version 17
VisualStudioVersion = 17.13.35818.85 d17.13
MinimumVisualStudioVersion = 10.0.40219.1
Project("{FAE04EC0-301F-11D3-BF4B-00C04F79EFBC}") = "MySqlConsoleApp", "MySqlConsoleApp\MySqlConsoleApp.csproj", "{67C262C2-E618-4ACA-8FE9-31F3A9A02416}"
EndProject
Global
	GlobalSection(SolutionConfigurationPlatforms) = preSolution
		Debug|Any CPU = Debug|Any CPU
		Release|Any CPU = Release|Any CPU
	EndGlobalSection
	GlobalSection(ProjectConfigurationPlatforms) = postSolution
		{67C262C2-E618-4ACA-8FE9-31F3A9A02416}.Debug|Any CPU.ActiveCfg = Debug|Any CPU
		{67C262C2-E618-4ACA-8FE9-31F3A9A02416}.Debug|Any CPU.Build.0 = Debug|Any CPU
		{67C262C2-E618-4ACA-8FE9-31F3A9A02416}.Release|Any CPU.ActiveCfg = Release|Any CPU
		{67C262C2-E618-4ACA-8FE9-31F3A9A02416}.Release|Any CPU.Build.0 = Release|Any CPU
	EndGlobalSection
	GlobalSection(SolutionProperties) = preSolution
		HideSolutionNode = FALSE
	EndGlobalSection
	GlobalSection(ExtensibilityGlobals) = postSolution
		SolutionGuid = {765B482E-4879-4545-950E-2291E5D32CA7}
	EndGlobalSection
EndGlobal
