
Microsoft Visual Studio Solution File, Format Version 10.00
# Visual C# Express 2008
Project("{FAE04EC0-301F-11D3-BF4B-00C04F79EFBC}") = "WhoIs", "WhoIs\WhoIs.csproj", "{81223DBA-93EC-4024-A9A1-0E2998C764EB}"
EndProject
Global
	GlobalSection(SolutionConfigurationPlatforms) = preSolution
		Debug|Any CPU = Debug|Any CPU
		Release|Any CPU = Release|Any CPU
	EndGlobalSection
	GlobalSection(ProjectConfigurationPlatforms) = postSolution
		{81223DBA-93EC-4024-A9A1-0E2998C764EB}.Debug|Any CPU.ActiveCfg = Debug|Any CPU
		{81223DBA-93EC-4024-A9A1-0E2998C764EB}.Debug|Any CPU.Build.0 = Debug|Any CPU
		{81223DBA-93EC-4024-A9A1-0E2998C764EB}.Release|Any CPU.ActiveCfg = Release|Any CPU
		{81223DBA-93EC-4024-A9A1-0E2998C764EB}.Release|Any CPU.Build.0 = Release|Any CPU
	EndGlobalSection
	GlobalSection(SolutionProperties) = preSolution
		HideSolutionNode = FALSE
	EndGlobalSection
EndGlobal
