
Microsoft Visual Studio Solution File, Format Version 12.00
# Visual Studio Version 17
VisualStudioVersion = 17.8.34330.188
MinimumVisualStudioVersion = 10.0.40219.1
Project("{FAE04EC0-301F-11D3-BF4B-00C04F79EFBC}") = "SystemCommandline", "SystemCommandline.csproj", "{2EDC0977-DE1D-4CE8-9942-E4C87A77DE18}"
EndProject
Global
	GlobalSection(SolutionConfigurationPlatforms) = preSolution
		Debug|Any CPU = Debug|Any CPU
		Release|Any CPU = Release|Any CPU
	EndGlobalSection
	GlobalSection(ProjectConfigurationPlatforms) = postSolution
		{2EDC0977-DE1D-4CE8-9942-E4C87A77DE18}.Debug|Any CPU.ActiveCfg = Debug|Any CPU
		{2EDC0977-DE1D-4CE8-9942-E4C87A77DE18}.Debug|Any CPU.Build.0 = Debug|Any CPU
		{2EDC0977-DE1D-4CE8-9942-E4C87A77DE18}.Release|Any CPU.ActiveCfg = Release|Any CPU
		{2EDC0977-DE1D-4CE8-9942-E4C87A77DE18}.Release|Any CPU.Build.0 = Release|Any CPU
	EndGlobalSection
	GlobalSection(SolutionProperties) = preSolution
		HideSolutionNode = FALSE
	EndGlobalSection
	GlobalSection(ExtensibilityGlobals) = postSolution
		SolutionGuid = {E0CDD54B-B68C-4A31-9C52-C1E25FE05C48}
	EndGlobalSection
EndGlobal
