
Microsoft Visual Studio Solution File, Format Version 10.00
# Visual C# Express 2008
Project("{FAE04EC0-301F-11D3-BF4B-00C04F79EFBC}") = "HookTestWinFormCSharp", "HookTestWinFormCSharp\HookTestWinFormCSharp.csproj", "{B129E20B-DB68-46F3-BDD6-272123DE7A14}"
EndProject
Global
	GlobalSection(SolutionConfigurationPlatforms) = preSolution
		Debug|Any CPU = Debug|Any CPU
		Release|Any CPU = Release|Any CPU
	EndGlobalSection
	GlobalSection(ProjectConfigurationPlatforms) = postSolution
		{B129E20B-DB68-46F3-BDD6-272123DE7A14}.Debug|Any CPU.ActiveCfg = Debug|Any CPU
		{B129E20B-DB68-46F3-BDD6-272123DE7A14}.Debug|Any CPU.Build.0 = Debug|Any CPU
		{B129E20B-DB68-46F3-BDD6-272123DE7A14}.Release|Any CPU.ActiveCfg = Release|Any CPU
		{B129E20B-DB68-46F3-BDD6-272123DE7A14}.Release|Any CPU.Build.0 = Release|Any CPU
	EndGlobalSection
	GlobalSection(SolutionProperties) = preSolution
		HideSolutionNode = FALSE
	EndGlobalSection
EndGlobal
