
Microsoft Visual Studio Solution File, Format Version 11.00
# Visual C# Express 2010
Project("{FAE04EC0-301F-11D3-BF4B-00C04F79EFBC}") = "CourseTR", "CourseTR.csproj", "{3B78F67F-62DA-45C7-9600-15625A30B721}"
EndProject
Global
	GlobalSection(SolutionConfigurationPlatforms) = preSolution
		Debug|Any CPU = Debug|Any CPU
		Release|Any CPU = Release|Any CPU
	EndGlobalSection
	GlobalSection(ProjectConfigurationPlatforms) = postSolution
		{3B78F67F-62DA-45C7-9600-15625A30B721}.Debug|Any CPU.ActiveCfg = Debug|Any CPU
		{3B78F67F-62DA-45C7-9600-15625A30B721}.Debug|Any CPU.Build.0 = Debug|Any CPU
		{3B78F67F-62DA-45C7-9600-15625A30B721}.Release|Any CPU.ActiveCfg = Release|Any CPU
		{3B78F67F-62DA-45C7-9600-15625A30B721}.Release|Any CPU.Build.0 = Release|Any CPU
	EndGlobalSection
	GlobalSection(SolutionProperties) = preSolution
		HideSolutionNode = FALSE
	EndGlobalSection
EndGlobal
