
Microsoft Visual Studio Solution File, Format Version 12.00
# Visual Studio Version 17
VisualStudioVersion = 17.10.35013.160
MinimumVisualStudioVersion = 10.0.40219.1
Project("{FAE04EC0-301F-11D3-BF4B-00C04F79EFBC}") = "MyMelvor.Server", "MyMelvor.Server\MyMelvor.Server.csproj", "{F42E3FAB-ED3B-46B5-8E64-3876E989CAC2}"
EndProject
Project("{54A90642-561A-4BB1-A94E-469ADEE60C69}") = "mymelvor.client", "mymelvor.client\mymelvor.client.esproj", "{CA25C519-DCAC-4F1E-8890-C6C94CFE7191}"
EndProject
Global
	GlobalSection(SolutionConfigurationPlatforms) = preSolution
		Debug|Any CPU = Debug|Any CPU
		Release|Any CPU = Release|Any CPU
	EndGlobalSection
	GlobalSection(ProjectConfigurationPlatforms) = postSolution
		{F42E3FAB-ED3B-46B5-8E64-3876E989CAC2}.Debug|Any CPU.ActiveCfg = Debug|Any CPU
		{F42E3FAB-ED3B-46B5-8E64-3876E989CAC2}.Debug|Any CPU.Build.0 = Debug|Any CPU
		{F42E3FAB-ED3B-46B5-8E64-3876E989CAC2}.Release|Any CPU.ActiveCfg = Release|Any CPU
		{F42E3FAB-ED3B-46B5-8E64-3876E989CAC2}.Release|Any CPU.Build.0 = Release|Any CPU
		{CA25C519-DCAC-4F1E-8890-C6C94CFE7191}.Debug|Any CPU.ActiveCfg = Debug|Any CPU
		{CA25C519-DCAC-4F1E-8890-C6C94CFE7191}.Debug|Any CPU.Build.0 = Debug|Any CPU
		{CA25C519-DCAC-4F1E-8890-C6C94CFE7191}.Debug|Any CPU.Deploy.0 = Debug|Any CPU
		{CA25C519-DCAC-4F1E-8890-C6C94CFE7191}.Release|Any CPU.ActiveCfg = Release|Any CPU
		{CA25C519-DCAC-4F1E-8890-C6C94CFE7191}.Release|Any CPU.Build.0 = Release|Any CPU
		{CA25C519-DCAC-4F1E-8890-C6C94CFE7191}.Release|Any CPU.Deploy.0 = Release|Any CPU
	EndGlobalSection
	GlobalSection(SolutionProperties) = preSolution
		HideSolutionNode = FALSE
	EndGlobalSection
	GlobalSection(ExtensibilityGlobals) = postSolution
		SolutionGuid = {6C9704FE-C91D-4FB7-BEE5-6F83871533CF}
	EndGlobalSection
EndGlobal
